
Microsoft Visual Studio Solution File, Format Version 12.00
# Visual Studio Version 16
VisualStudioVersion = 16.0.32228.343
MinimumVisualStudioVersion = 10.0.40219.1
Project("{8BC9CEB8-8B4A-11D0-8D11-00A0C91BC942}") = "Project2", "Project2\Project2.vcxproj", "{D1FC5A6E-F860-4FB2-9894-CC90FC78DEED}"
EndProject
Global
	GlobalSection(SolutionConfigurationPlatforms) = preSolution
		Debug|x64 = Debug|x64
		Debug|x86 = Debug|x86
		Release|x64 = Release|x64
		Release|x86 = Release|x86
	EndGlobalSection
	GlobalSection(ProjectConfigurationPlatforms) = postSolution
		{D1FC5A6E-F860-4FB2-9894-CC90FC78DEED}.Debug|x64.ActiveCfg = Debug|x64
		{D1FC5A6E-F860-4FB2-9894-CC90FC78DEED}.Debug|x64.Build.0 = Debug|x64
		{D1FC5A6E-F860-4FB2-9894-CC90FC78DEED}.Debug|x86.ActiveCfg = Debug|Win32
		{D1FC5A6E-F860-4FB2-9894-CC90FC78DEED}.Debug|x86.Build.0 = Debug|Win32
		{D1FC5A6E-F860-4FB2-9894-CC90FC78DEED}.Release|x64.ActiveCfg = Release|x64
		{D1FC5A6E-F860-4FB2-9894-CC90FC78DEED}.Release|x64.Build.0 = Release|x64
		{D1FC5A6E-F860-4FB2-9894-CC90FC78DEED}.Release|x86.ActiveCfg = Release|Win32
		{D1FC5A6E-F860-4FB2-9894-CC90FC78DEED}.Release|x86.Build.0 = Release|Win32
	EndGlobalSection
	GlobalSection(SolutionProperties) = preSolution
		HideSolutionNode = FALSE
	EndGlobalSection
	GlobalSection(ExtensibilityGlobals) = postSolution
		SolutionGuid = {D993752B-18BF-4C8A-AABB-55AD0A70C86D}
	EndGlobalSection
EndGlobal
